
Microsoft Visual Studio Solution File, Format Version 12.00
# Visual Studio Version 17
VisualStudioVersion = 17.9.34723.18
MinimumVisualStudioVersion = 10.0.40219.1
Project("{FAE04EC0-301F-11D3-BF4B-00C04F79EFBC}") = "LifeEcommerce", "LifeEcommerce\LifeEcommerce.csproj", "{2337399F-1A42-4477-8DC0-DC51A8C359D3}"
EndProject
Global
	GlobalSection(SolutionConfigurationPlatforms) = preSolution
		Debug|Any CPU = Debug|Any CPU
		Release|Any CPU = Release|Any CPU
	EndGlobalSection
	GlobalSection(ProjectConfigurationPlatforms) = postSolution
		{2337399F-1A42-4477-8DC0-DC51A8C359D3}.Debug|Any CPU.ActiveCfg = Debug|Any CPU
		{2337399F-1A42-4477-8DC0-DC51A8C359D3}.Debug|Any CPU.Build.0 = Debug|Any CPU
		{2337399F-1A42-4477-8DC0-DC51A8C359D3}.Release|Any CPU.ActiveCfg = Release|Any CPU
		{2337399F-1A42-4477-8DC0-DC51A8C359D3}.Release|Any CPU.Build.0 = Release|Any CPU
	EndGlobalSection
	GlobalSection(SolutionProperties) = preSolution
		HideSolutionNode = FALSE
	EndGlobalSection
	GlobalSection(ExtensibilityGlobals) = postSolution
		SolutionGuid = {903C8903-D5F4-4690-BE91-2594D4A9256F}
	EndGlobalSection
EndGlobal
